// !$*UTF8*$!
{
	archiveVersion = 1;
	classes = {
	};
	objectVersion = 46;
	objects = {

/* Begin PBXBuildFile section */
		96CB81941D2FB95200E30927 /* AppDelegate.m in Sources */ = {isa = PBXBuildFile; fileRef = 96CB81931D2FB95200E30927 /* AppDelegate.m */; };
		96CB81971D2FB95200E30927 /* main.m in Sources */ = {isa = PBXBuildFile; fileRef = 96CB81961D2FB95200E30927 /* main.m */; };
		96CB819A1D2FB95200E30927 /* ViewController.m in Sources */ = {isa = PBXBuildFile; fileRef = 96CB81991D2FB95200E30927 /* ViewController.m */; };
		96CB819C1D2FB95200E30927 /* Assets.xcassets in Resources */ = {isa = PBXBuildFile; fileRef = 96CB819B1D2FB95200E30927 /* Assets.xcassets */; };
		96CB819F1D2FB95200E30927 /* Main.storyboard in Resources */ = {isa = PBXBuildFile; fileRef = 96CB819D1D2FB95200E30927 /* Main.storyboard */; };
/* End PBXBuildFile section */

/* Begin PBXFileReference section */
		96CB818F1D2FB95200E30927 /* xyRobot.app */ = {isa = PBXFileReference; explicitFileType = wrapper.application; includeInIndex = 0; path = xyRobot.app; sourceTree = BUILT_PRODUCTS_DIR; };
		96CB81921D2FB95200E30927 /* AppDelegate.h */ = {isa = PBXFileReference; lastKnownFileType = sourcecode.c.h; path = AppDelegate.h; sourceTree = "<group>"; };
		96CB81931D2FB95200E30927 /* AppDelegate.m */ = {isa = PBXFileReference; lastKnownFileType = sourcecode.c.objc; path = AppDelegate.m; sourceTree = "<group>"; };
		96CB81961D2FB95200E30927 /* main.m */ = {isa = PBXFileReference; lastKnownFileType = sourcecode.c.objc; path = main.m; sourceTree = "<group>"; };
		96CB81981D2FB95200E30927 /* ViewController.h */ = {isa = PBXFileReference; lastKnownFileType = sourcecode.c.h; path = ViewController.h; sourceTree = "<group>"; };
		96CB81991D2FB95200E30927 /* ViewController.m */ = {isa = PBXFileReference; lastKnownFileType = sourcecode.c.objc; path = ViewController.m; sourceTree = "<group>"; };
		96CB819B1D2FB95200E30927 /* Assets.xcassets */ = {isa = PBXFileReference; lastKnownFileType = folder.assetcatalog; path = Assets.xcassets; sourceTree = "<group>"; };
		96CB819E1D2FB95200E30927 /* Base */ = {isa = PBXFileReference; lastKnownFileType = file.storyboard; name = Base; path = Base.lproj/Main.storyboard; sourceTree = "<group>"; };
		96CB81A01D2FB95200E30927 /* Info.plist */ = {isa = PBXFileReference; lastKnownFileType = text.plist.xml; path = Info.plist; sourceTree = "<group>"; };
/* End PBXFileReference section */

/* Begin PBXFrameworksBuildPhase section */
		96CB818C1D2FB95200E30927 /* Frameworks */ = {
			isa = PBXFrameworksBuildPhase;
			buildActionMask = 2147483647;
			files = (
			);
			runOnlyForDeploymentPostprocessing = 0;
		};
/* End PBXFrameworksBuildPhase section */

/* Begin PBXGroup section */
		96CB81861D2FB95200E30927 = {
			isa = PBXGroup;
			children = (
				96CB81911D2FB95200E30927 /* xyRobot */,
				96CB81901D2FB95200E30927 /* Products */,
			);
			sourceTree = "<group>";
		};
		96CB81901D2FB95200E30927 /* Products */ = {
			isa = PBXGroup;
			children = (
				96CB818F1D2FB95200E30927 /* xyRobot.app */,
			);
			name = Products;
			sourceTree = "<group>";
		};
		96CB81911D2FB95200E30927 /* xyRobot */ = {
			isa = PBXGroup;
			children = (
				96CB81921D2FB95200E30927 /* AppDelegate.h */,
				96CB81931D2FB95200E30927 /* AppDelegate.m */,
				96CB81981D2FB95200E30927 /* ViewController.h */,
				96CB81991D2FB95200E30927 /* ViewController.m */,
				96CB819B1D2FB95200E30927 /* Assets.xcassets */,
				96CB819D1D2FB95200E30927 /* Main.storyboard */,
				96CB81A01D2FB95200E30927 /* Info.plist */,
				96CB81951D2FB95200E30927 /* Supporting Files */,
			);
			path = xyRobot;
			sourceTree = "<group>";
		};
		96CB81951D2FB95200E30927 /* Supporting Files */ = {
			isa = PBXGroup;
			children = (
				96CB81961D2FB95200E30927 /* main.m */,
			);
			name = "Supporting Files";
			sourceTree = "<group>";
		};
/* End PBXGroup section */

/* Begin PBXNativeTarget section */
		96CB818E1D2FB95200E30927 /* xyRobot */ = {
			isa = PBXNativeTarget;
			buildConfigurationList = 96CB81A31D2FB95200E30927 /* Build configuration list for PBXNativeTarget "xyRobot" */;
			buildPhases = (
				96CB818B1D2FB95200E30927 /* Sources */,
				96CB818C1D2FB95200E30927 /* Frameworks */,
				96CB818D1D2FB95200E30927 /* Resources */,
			);
			buildRules = (
			);
			dependencies = (
			);
			name = xyRobot;
			productName = xyRobot;
			productReference = 96CB818F1D2FB95200E30927 /* xyRobot.app */;
			productType = "com.apple.product-type.application";
		};
/* End PBXNativeTarget section */

/* Begin PBXProject section */
		96CB81871D2FB95200E30927 /* Project object */ = {
			isa = PBXProject;
			attributes = {
				LastUpgradeCheck = 0730;
				ORGANIZATIONNAME = binaryfutures;
				TargetAttributes = {
					96CB818E1D2FB95200E30927 = {
						CreatedOnToolsVersion = 7.3;
					};
				};
			};
			buildConfigurationList = 96CB818A1D2FB95200E30927 /* Build configuration list for PBXProject "xyRobot" */;
			compatibilityVersion = "Xcode 3.2";
			developmentRegion = English;
			hasScannedForEncodings = 0;
			knownRegions = (
				en,
				Base,
			);
			mainGroup = 96CB81861D2FB95200E30927;
			productRefGroup = 96CB81901D2FB95200E30927 /* Products */;
			projectDirPath = "";
			projectRoot = "";
			targets = (
				96CB818E1D2FB95200E30927 /* xyRobot */,
			);
		};
/* End PBXProject section */

/* Begin PBXResourcesBuildPhase section */
		96CB818D1D2FB95200E30927 /* Resources */ = {
			isa = PBXResourcesBuildPhase;
			buildActionMask = 2147483647;
			files = (
				96CB819C1D2FB95200E30927 /* Assets.xcassets in Resources */,
				96CB819F1D2FB95200E30927 /* Main.storyboard in Resources */,
			);
			runOnlyForDeploymentPostprocessing = 0;
		};
/* End PBXResourcesBuildPhase section */

/* Begin PBXSourcesBuildPhase section */
		96CB818B1D2FB95200E30927 /* Sources */ = {
			isa = PBXSourcesBuildPhase;
			buildActionMask = 2147483647;
			files = (
				96CB819A1D2FB95200E30927 /* ViewController.m in Sources */,
				96CB81971D2FB95200E30927 /* main.m in Sources */,
				96CB81941D2FB95200E30927 /* AppDelegate.m in Sources */,
			);
			runOnlyForDeploymentPostprocessing = 0;
		};
/* End PBXSourcesBuildPhase section */

/* Begin PBXVariantGroup section */
		96CB819D1D2FB95200E30927 /* Main.storyboard */ = {
			isa = PBXVariantGroup;
			children = (
				96CB819E1D2FB95200E30927 /* Base */,
			);
			name = Main.storyboard;
			sourceTree = "<group>";
		};
/* End PBXVariantGroup section */

/* Begin XCBuildConfiguration section */
		96CB81A11D2FB95200E30927 /* Debug */ = {
			isa = XCBuildConfiguration;
			buildSettings = {
				ALWAYS_SEARCH_USER_PATHS = NO;
				CLANG_ANALYZER_NONNULL = YES;
				CLANG_CXX_LANGUAGE_STANDARD = "gnu++0x";
				CLANG_CXX_LIBRARY = "libc++";
				CLANG_ENABLE_MODULES = YES;
				CLANG_ENABLE_OBJC_ARC = YES;
				CLANG_WARN_BOOL_CONVERSION = YES;
				CLANG_WARN_CONSTANT_CONVERSION = YES;
				CLANG_WARN_DIRECT_OBJC_ISA_USAGE = YES_ERROR;
				CLANG_WARN_EMPTY_BODY = YES;
				CLANG_WARN_ENUM_CONVERSION = YES;
				CLANG_WARN_INT_CONVERSION = YES;
				CLANG_WARN_OBJC_ROOT_CLASS = YES_ERROR;
				CLANG_WARN_UNREACHABLE_CODE = YES;
				CLANG_WARN__DUPLICATE_METHOD_MATCH = YES;
				CODE_SIGN_IDENTITY = "-";
				COPY_PHASE_STRIP = NO;
				DEBUG_INFORMATION_FORMAT = dwarf;
				ENABLE_STRICT_OBJC_MSGSEND = YES;
				ENABLE_TESTABILITY = YES;
				GCC_C_LANGUAGE_STANDARD = gnu99;
				GCC_DYNAMIC_NO_PIC = NO;
				GCC_NO_COMMON_BLOCKS = YES;
				GCC_OPTIMIZATION_LEVEL = 0;
				GCC_PREPROCESSOR_DEFINITIONS = (
					"DEBUG=1",
					"$(inherited)",
				);
				GCC_WARN_64_TO_32_BIT_CONVERSION = YES;
				GCC_WARN_ABOUT_RETURN_TYPE = YES_ERROR;
				GCC_WARN_UNDECLARED_SELECTOR = YES;
				GCC_WARN_UNINITIALIZED_AUTOS = YES_AGGRESSIVE;
				GCC_WARN_UNUSED_FUNCTION = YES;
				GCC_WARN_UNUSED_VARIABLE = YES;
				MACOSX_DEPLOYMENT_TARGET = 10.11;
				MTL_ENABLE_DEBUG_INFO = YES;
				ONLY_ACTIVE_ARCH = YES;
				SDKROOT = macosx;
			};
			name = Debug;
		};
		96CB81A21D2FB95200E30927 /* Release */ = {
			isa = XCBuildConfiguration;
			buildSettings = {
				ALWAYS_SEARCH_USER_PATHS = NO;
				CLANG_ANALYZER_NONNULL = YES;
				CLANG_CXX_LANGUAGE_STANDARD = "gnu++0x";
				CLANG_CXX_LIBRARY = "libc++";
				CLANG_ENABLE_MODULES = YES;
				CLANG_ENABLE_OBJC_ARC = YES;
				CLANG_WARN_BOOL_CONVERSION = YES;
				CLANG_WARN_CONSTANT_CONVERSION = YES;
				CLANG_WARN_DIRECT_OBJC_ISA_USAGE = YES_ERROR;
				CLANG_WARN_EMPTY_BODY = YES;
				CLANG_WARN_ENUM_CONVERSION = YES;
				CLANG_WARN_INT_CONVERSION = YES;
				CLANG_WARN_OBJC_ROOT_CLASS = YES_ERROR;
				CLANG_WARN_UNREACHABLE_CODE = YES;
				CLANG_WARN__DUPLICATE_METHOD_MATCH = YES;
				CODE_SIGN_IDENTITY = "-";
				COPY_PHASE_STRIP = NO;
				DEBUG_INFORMATION_FORMAT = "dwarf-with-dsym";
				ENABLE_NS_ASSERTIONS = NO;
				ENABLE_STRICT_OBJC_MSGSEND = YES;
				GCC_C_LANGUAGE_STANDARD = gnu99;
				GCC_NO_COMMON_BLOCKS = YES;
				GCC_WARN_64_TO_32_BIT_CONVERSION = YES;
				GCC_WARN_ABOUT_RETURN_TYPE = YES_ERROR;
				GCC_WARN_UNDECLARED_SELECTOR = YES;
				GCC_WARN_UNINITIALIZED_AUTOS = YES_AGGRESSIVE;
				GCC_WARN_UNUSED_FUNCTION = YES;
				GCC_WARN_UNUSED_VARIABLE = YES;
				MACOSX_DEPLOYMENT_TARGET = 10.11;
				MTL_ENABLE_DEBUG_INFO = NO;
				SDKROOT = macosx;
			};
			name = Release;
		};
		96CB81A41D2FB95200E30927 /* Debug */ = {
			isa = XCBuildConfiguration;
			buildSettings = {
				ASSETCATALOG_COMPILER_APPICON_NAME = AppIcon;
				COMBINE_HIDPI_IMAGES = YES;
				INFOPLIST_FILE = xyRobot/Info.plist;
				LD_RUNPATH_SEARCH_PATHS = "$(inherited) @executable_path/../Frameworks";
				PRODUCT_BUNDLE_IDENTIFIER = binaryfutures.xyRobot;
				PRODUCT_NAME = "$(TARGET_NAME)";
			};
			name = Debug;
		};
		96CB81A51D2FB95200E30927 /* Release */ = {
			isa = XCBuildConfiguration;
			buildSettings = {
				ASSETCATALOG_COMPILER_APPICON_NAME = AppIcon;
				COMBINE_HIDPI_IMAGES = YES;
				INFOPLIST_FILE = xyRobot/Info.plist;
				LD_RUNPATH_SEARCH_PATHS = "$(inherited) @executable_path/../Frameworks";
				PRODUCT_BUNDLE_IDENTIFIER = binaryfutures.xyRobot;
				PRODUCT_NAME = "$(TARGET_NAME)";
			};
			name = Release;
		};
/* End XCBuildConfiguration section */

/* Begin XCConfigurationList section */
		96CB818A1D2FB95200E30927 /* Build configuration list for PBXProject "xyRobot" */ = {
			isa = XCConfigurationList;
			buildConfigurations = (
				96CB81A11D2FB95200E30927 /* Debug */,
				96CB81A21D2FB95200E30927 /* Release */,
			);
			defaultConfigurationIsVisible = 0;
			defaultConfigurationName = Release;
		};
		96CB81A31D2FB95200E30927 /* Build configuration list for PBXNativeTarget "xyRobot" */ = {
			isa = XCConfigurationList;
			buildConfigurations = (
				96CB81A41D2FB95200E30927 /* Debug */,
				96CB81A51D2FB95200E30927 /* Release */,
			);
			defaultConfigurationIsVisible = 0;
		};
/* End XCConfigurationList section */
	};
	rootObject = 96CB81871D2FB95200E30927 /* Project object */;
}
